
Microsoft Visual Studio Solution File, Format Version 12.00
# Visual Studio Version 17
VisualStudioVersion = 17.5.33414.496
MinimumVisualStudioVersion = 10.0.40219.1
Project("{FAE04EC0-301F-11D3-BF4B-00C04F79EFBC}") = "ef-code-first-tut", "ef-code-first-tut\ef-code-first-tut.csproj", "{CF603C6C-079A-49C8-B17C-B005C85BD526}"
EndProject
Global
	GlobalSection(SolutionConfigurationPlatforms) = preSolution
		Debug|Any CPU = Debug|Any CPU
		Release|Any CPU = Release|Any CPU
	EndGlobalSection
	GlobalSection(ProjectConfigurationPlatforms) = postSolution
		{CF603C6C-079A-49C8-B17C-B005C85BD526}.Debug|Any CPU.ActiveCfg = Debug|Any CPU
		{CF603C6C-079A-49C8-B17C-B005C85BD526}.Debug|Any CPU.Build.0 = Debug|Any CPU
		{CF603C6C-079A-49C8-B17C-B005C85BD526}.Release|Any CPU.ActiveCfg = Release|Any CPU
		{CF603C6C-079A-49C8-B17C-B005C85BD526}.Release|Any CPU.Build.0 = Release|Any CPU
	EndGlobalSection
	GlobalSection(SolutionProperties) = preSolution
		HideSolutionNode = FALSE
	EndGlobalSection
	GlobalSection(ExtensibilityGlobals) = postSolution
		SolutionGuid = {28D6893D-A9A7-4A15-BEDB-5FE091DF3AC0}
	EndGlobalSection
EndGlobal
